
Microsoft Visual Studio Solution File, Format Version 12.00
# Visual Studio Version 16
VisualStudioVersion = 16.0.29102.190
MinimumVisualStudioVersion = 10.0.40219.1
Project("{FAE04EC0-301F-11D3-BF4B-00C04F79EFBC}") = "ExportWordExcel", "ExportWordExcel\ExportWordExcel.csproj", "{1A3A5331-7DB4-4D59-A3FE-6EB529ADBC83}"
EndProject
Project("{FAE04EC0-301F-11D3-BF4B-00C04F79EFBC}") = "ExportWord", "ExportWord\ExportWord.csproj", "{7437A908-969A-4AB7-9E35-1A36C0F928F9}"
EndProject
Project("{FAE04EC0-301F-11D3-BF4B-00C04F79EFBC}") = "ExportToWord", "ExportToWord\ExportToWord.csproj", "{2C637FAA-8F62-401B-9584-73C8BA102423}"
EndProject
Global
	GlobalSection(SolutionConfigurationPlatforms) = preSolution
		Debug|Any CPU = Debug|Any CPU
		Release|Any CPU = Release|Any CPU
	EndGlobalSection
	GlobalSection(ProjectConfigurationPlatforms) = postSolution
		{1A3A5331-7DB4-4D59-A3FE-6EB529ADBC83}.Debug|Any CPU.ActiveCfg = Debug|Any CPU
		{1A3A5331-7DB4-4D59-A3FE-6EB529ADBC83}.Debug|Any CPU.Build.0 = Debug|Any CPU
		{1A3A5331-7DB4-4D59-A3FE-6EB529ADBC83}.Release|Any CPU.ActiveCfg = Release|Any CPU
		{1A3A5331-7DB4-4D59-A3FE-6EB529ADBC83}.Release|Any CPU.Build.0 = Release|Any CPU
		{7437A908-969A-4AB7-9E35-1A36C0F928F9}.Debug|Any CPU.ActiveCfg = Debug|Any CPU
		{7437A908-969A-4AB7-9E35-1A36C0F928F9}.Debug|Any CPU.Build.0 = Debug|Any CPU
		{7437A908-969A-4AB7-9E35-1A36C0F928F9}.Release|Any CPU.ActiveCfg = Release|Any CPU
		{7437A908-969A-4AB7-9E35-1A36C0F928F9}.Release|Any CPU.Build.0 = Release|Any CPU
		{2C637FAA-8F62-401B-9584-73C8BA102423}.Debug|Any CPU.ActiveCfg = Debug|Any CPU
		{2C637FAA-8F62-401B-9584-73C8BA102423}.Debug|Any CPU.Build.0 = Debug|Any CPU
		{2C637FAA-8F62-401B-9584-73C8BA102423}.Release|Any CPU.ActiveCfg = Release|Any CPU
		{2C637FAA-8F62-401B-9584-73C8BA102423}.Release|Any CPU.Build.0 = Release|Any CPU
	EndGlobalSection
	GlobalSection(SolutionProperties) = preSolution
		HideSolutionNode = FALSE
	EndGlobalSection
	GlobalSection(ExtensibilityGlobals) = postSolution
		SolutionGuid = {791FB54A-4FDB-41C8-AA59-73B3BBBE9C84}
	EndGlobalSection
EndGlobal
